
Microsoft Visual Studio Solution File, Format Version 12.00
# Visual Studio Version 17
VisualStudioVersion = 17.5.33530.505
MinimumVisualStudioVersion = 10.0.40219.1
Project("{8BC9CEB8-8B4A-11D0-8D11-00A0C91BC942}") = "pacman-sin141", "pacman-sin141\pacman-sin141.vcxproj", "{BB850719-DD15-4975-B13A-F33837429AB4}"
EndProject
Global
	GlobalSection(SolutionConfigurationPlatforms) = preSolution
		Debug|x64 = Debug|x64
		Debug|x86 = Debug|x86
		Release|x64 = Release|x64
		Release|x86 = Release|x86
	EndGlobalSection
	GlobalSection(ProjectConfigurationPlatforms) = postSolution
		{BB850719-DD15-4975-B13A-F33837429AB4}.Debug|x64.ActiveCfg = Debug|x64
		{BB850719-DD15-4975-B13A-F33837429AB4}.Debug|x64.Build.0 = Debug|x64
		{BB850719-DD15-4975-B13A-F33837429AB4}.Debug|x86.ActiveCfg = Debug|Win32
		{BB850719-DD15-4975-B13A-F33837429AB4}.Debug|x86.Build.0 = Debug|Win32
		{BB850719-DD15-4975-B13A-F33837429AB4}.Release|x64.ActiveCfg = Release|x64
		{BB850719-DD15-4975-B13A-F33837429AB4}.Release|x64.Build.0 = Release|x64
		{BB850719-DD15-4975-B13A-F33837429AB4}.Release|x86.ActiveCfg = Release|Win32
		{BB850719-DD15-4975-B13A-F33837429AB4}.Release|x86.Build.0 = Release|Win32
	EndGlobalSection
	GlobalSection(SolutionProperties) = preSolution
		HideSolutionNode = FALSE
	EndGlobalSection
	GlobalSection(ExtensibilityGlobals) = postSolution
		SolutionGuid = {8AF6F360-5343-44E3-8E8C-60BD682713C7}
	EndGlobalSection
EndGlobal
